
Microsoft Visual Studio Solution File, Format Version 12.00
# Visual Studio Version 17
VisualStudioVersion = 17.0.31903.59
MinimumVisualStudioVersion = 10.0.40219.1
Project("{FAE04EC0-301F-11D3-BF4B-00C04F79EFBC}") = "Galeria", "Galeria\Galeria.csproj", "{8FBD7534-3A7F-4746-8D57-1EFCC8CC8B41}"
EndProject
Project("{FAE04EC0-301F-11D3-BF4B-00C04F79EFBC}") = "Galeria.Contracts", "Galeria.Contracts\Galeria.Contracts.csproj", "{73B8FE4D-A05C-4F00-9628-388CDF2ED588}"
EndProject
Global
	GlobalSection(SolutionConfigurationPlatforms) = preSolution
		Debug|Any CPU = Debug|Any CPU
		Debug|x64 = Debug|x64
		Debug|x86 = Debug|x86
		Release|Any CPU = Release|Any CPU
		Release|x64 = Release|x64
		Release|x86 = Release|x86
	EndGlobalSection
	GlobalSection(ProjectConfigurationPlatforms) = postSolution
		{8FBD7534-3A7F-4746-8D57-1EFCC8CC8B41}.Debug|Any CPU.ActiveCfg = Debug|Any CPU
		{8FBD7534-3A7F-4746-8D57-1EFCC8CC8B41}.Debug|Any CPU.Build.0 = Debug|Any CPU
		{8FBD7534-3A7F-4746-8D57-1EFCC8CC8B41}.Debug|x64.ActiveCfg = Debug|Any CPU
		{8FBD7534-3A7F-4746-8D57-1EFCC8CC8B41}.Debug|x64.Build.0 = Debug|Any CPU
		{8FBD7534-3A7F-4746-8D57-1EFCC8CC8B41}.Debug|x86.ActiveCfg = Debug|Any CPU
		{8FBD7534-3A7F-4746-8D57-1EFCC8CC8B41}.Debug|x86.Build.0 = Debug|Any CPU
		{8FBD7534-3A7F-4746-8D57-1EFCC8CC8B41}.Release|Any CPU.ActiveCfg = Release|Any CPU
		{8FBD7534-3A7F-4746-8D57-1EFCC8CC8B41}.Release|Any CPU.Build.0 = Release|Any CPU
		{8FBD7534-3A7F-4746-8D57-1EFCC8CC8B41}.Release|x64.ActiveCfg = Release|Any CPU
		{8FBD7534-3A7F-4746-8D57-1EFCC8CC8B41}.Release|x64.Build.0 = Release|Any CPU
		{8FBD7534-3A7F-4746-8D57-1EFCC8CC8B41}.Release|x86.ActiveCfg = Release|Any CPU
		{8FBD7534-3A7F-4746-8D57-1EFCC8CC8B41}.Release|x86.Build.0 = Release|Any CPU
		{73B8FE4D-A05C-4F00-9628-388CDF2ED588}.Debug|Any CPU.ActiveCfg = Debug|Any CPU
		{73B8FE4D-A05C-4F00-9628-388CDF2ED588}.Debug|Any CPU.Build.0 = Debug|Any CPU
		{73B8FE4D-A05C-4F00-9628-388CDF2ED588}.Debug|x64.ActiveCfg = Debug|Any CPU
		{73B8FE4D-A05C-4F00-9628-388CDF2ED588}.Debug|x64.Build.0 = Debug|Any CPU
		{73B8FE4D-A05C-4F00-9628-388CDF2ED588}.Debug|x86.ActiveCfg = Debug|Any CPU
		{73B8FE4D-A05C-4F00-9628-388CDF2ED588}.Debug|x86.Build.0 = Debug|Any CPU
		{73B8FE4D-A05C-4F00-9628-388CDF2ED588}.Release|Any CPU.ActiveCfg = Release|Any CPU
		{73B8FE4D-A05C-4F00-9628-388CDF2ED588}.Release|Any CPU.Build.0 = Release|Any CPU
		{73B8FE4D-A05C-4F00-9628-388CDF2ED588}.Release|x64.ActiveCfg = Release|Any CPU
		{73B8FE4D-A05C-4F00-9628-388CDF2ED588}.Release|x64.Build.0 = Release|Any CPU
		{73B8FE4D-A05C-4F00-9628-388CDF2ED588}.Release|x86.ActiveCfg = Release|Any CPU
		{73B8FE4D-A05C-4F00-9628-388CDF2ED588}.Release|x86.Build.0 = Release|Any CPU
	EndGlobalSection
	GlobalSection(SolutionProperties) = preSolution
		HideSolutionNode = FALSE
	EndGlobalSection
EndGlobal
